// !$*UTF8*$!
{
	archiveVersion = 1;
	classes = {
	};
	objectVersion = 50;
	objects = {

/* Begin PBXBuildFile section */
		3106832A2125AC030040E518 /* WeatherPresenter.swift in Sources */ = {isa = PBXBuildFile; fileRef = 310683292125AC030040E518 /* WeatherPresenter.swift */; };
		310BE561213D6785009EAD33 /* MyColors.swift in Sources */ = {isa = PBXBuildFile; fileRef = 310BE560213D6785009EAD33 /* MyColors.swift */; };
		310BE563213D694C009EAD33 /* DecoratorFactory.swift in Sources */ = {isa = PBXBuildFile; fileRef = 310BE562213D694C009EAD33 /* DecoratorFactory.swift */; };
		310BE566213D6F69009EAD33 /* LabelDecoratorProtocol.swift in Sources */ = {isa = PBXBuildFile; fileRef = 310BE565213D6F69009EAD33 /* LabelDecoratorProtocol.swift */; };
		310BE56B213D75A6009EAD33 /* LabelDecorator.swift in Sources */ = {isa = PBXBuildFile; fileRef = 310BE56A213D75A6009EAD33 /* LabelDecorator.swift */; };
		310BE570213DB545009EAD33 /* TableDecoratorProtocol.swift in Sources */ = {isa = PBXBuildFile; fileRef = 310BE56F213DB545009EAD33 /* TableDecoratorProtocol.swift */; };
		310BE572213DB5DC009EAD33 /* TableDecorator.swift in Sources */ = {isa = PBXBuildFile; fileRef = 310BE571213DB5DC009EAD33 /* TableDecorator.swift */; };
		311B995B212EEA64008AC618 /* CityMO+CoreDataClass.swift in Sources */ = {isa = PBXBuildFile; fileRef = 311B9957212EEA64008AC618 /* CityMO+CoreDataClass.swift */; };
		311B995C212EEA64008AC618 /* CityMO+CoreDataProperties.swift in Sources */ = {isa = PBXBuildFile; fileRef = 311B9958212EEA64008AC618 /* CityMO+CoreDataProperties.swift */; };
		311B995D212EEA64008AC618 /* WeatherMO+CoreDataClass.swift in Sources */ = {isa = PBXBuildFile; fileRef = 311B9959212EEA64008AC618 /* WeatherMO+CoreDataClass.swift */; };
		311B995E212EEA64008AC618 /* WeatherMO+CoreDataProperties.swift in Sources */ = {isa = PBXBuildFile; fileRef = 311B995A212EEA64008AC618 /* WeatherMO+CoreDataProperties.swift */; };
		311D320B212444AF0023E927 /* WeatherService.swift in Sources */ = {isa = PBXBuildFile; fileRef = 311D320A212444AF0023E927 /* WeatherService.swift */; };
		31276D3C21345F6D004FA2C0 /* PlaceholderController.swift in Sources */ = {isa = PBXBuildFile; fileRef = 31276D3B21345F6D004FA2C0 /* PlaceholderController.swift */; };
		31276D3E21346574004FA2C0 /* PlaceholderViewModel.swift in Sources */ = {isa = PBXBuildFile; fileRef = 31276D3D21346574004FA2C0 /* PlaceholderViewModel.swift */; };
		31276D4021347204004FA2C0 /* ImagePlaceholder.swift in Sources */ = {isa = PBXBuildFile; fileRef = 31276D3F21347203004FA2C0 /* ImagePlaceholder.swift */; };
		31276D4221347A90004FA2C0 /* PlaceholderCell.swift in Sources */ = {isa = PBXBuildFile; fileRef = 31276D4121347A90004FA2C0 /* PlaceholderCell.swift */; };
		313CA25C2121BD8E003DC311 /* AppDelegate.swift in Sources */ = {isa = PBXBuildFile; fileRef = 313CA25B2121BD8E003DC311 /* AppDelegate.swift */; };
		313CA2612121BD8E003DC311 /* Main.storyboard in Resources */ = {isa = PBXBuildFile; fileRef = 313CA25F2121BD8E003DC311 /* Main.storyboard */; };
		313CA2642121BD8E003DC311 /* testedanilo.xcdatamodeld in Sources */ = {isa = PBXBuildFile; fileRef = 313CA2622121BD8E003DC311 /* testedanilo.xcdatamodeld */; };
		313CA2662121BD90003DC311 /* Assets.xcassets in Resources */ = {isa = PBXBuildFile; fileRef = 313CA2652121BD90003DC311 /* Assets.xcassets */; };
		313CA2692121BD90003DC311 /* LaunchScreen.storyboard in Resources */ = {isa = PBXBuildFile; fileRef = 313CA2672121BD90003DC311 /* LaunchScreen.storyboard */; };
		313CA2742121BD90003DC311 /* testedaniloTests.swift in Sources */ = {isa = PBXBuildFile; fileRef = 313CA2732121BD90003DC311 /* testedaniloTests.swift */; };
		313CA27F2121BD90003DC311 /* testedaniloUITests.swift in Sources */ = {isa = PBXBuildFile; fileRef = 313CA27E2121BD90003DC311 /* testedaniloUITests.swift */; };
		313CA28D2121BEB0003DC311 /* MainViewController.swift in Sources */ = {isa = PBXBuildFile; fileRef = 313CA28C2121BEB0003DC311 /* MainViewController.swift */; };
		313CA2912121C9DC003DC311 /* MainTableViewCell.swift in Sources */ = {isa = PBXBuildFile; fileRef = 313CA2902121C9DC003DC311 /* MainTableViewCell.swift */; };
		313CA2932121DEA9003DC311 /* City.swift in Sources */ = {isa = PBXBuildFile; fileRef = 313CA2922121DEA8003DC311 /* City.swift */; };
		313CA29721220D17003DC311 /* citylist.json in Resources */ = {isa = PBXBuildFile; fileRef = 313CA29621220D17003DC311 /* citylist.json */; };
		313CA29921220D74003DC311 /* JSONParser.swift in Sources */ = {isa = PBXBuildFile; fileRef = 313CA29821220D74003DC311 /* JSONParser.swift */; };
		31999E1D212DA44600243751 /* BrowseLocationController.swift in Sources */ = {isa = PBXBuildFile; fileRef = 31999E1C212DA44600243751 /* BrowseLocationController.swift */; };
		31B3634021270BB6007953AF /* CoreDataManager.swift in Sources */ = {isa = PBXBuildFile; fileRef = 31B3633F21270BB6007953AF /* CoreDataManager.swift */; };
		31E11DAD2135779F00B1BBB1 /* UIImageExtensions.swift in Sources */ = {isa = PBXBuildFile; fileRef = 31E11DAC2135779F00B1BBB1 /* UIImageExtensions.swift */; };
		31E3C5B82123154600286021 /* WeatherViewController.swift in Sources */ = {isa = PBXBuildFile; fileRef = 31E3C5B72123154600286021 /* WeatherViewController.swift */; };
		31E3C5BB212336A400286021 /* Weather.swift in Sources */ = {isa = PBXBuildFile; fileRef = 31E3C5BA212336A400286021 /* Weather.swift */; };
		31E3C5BD21234E1B00286021 /* WeatherCell.swift in Sources */ = {isa = PBXBuildFile; fileRef = 31E3C5BC21234E1B00286021 /* WeatherCell.swift */; };
		31E7B9AA2125FD3200C759FB /* MainViewModel.swift in Sources */ = {isa = PBXBuildFile; fileRef = 31E7B9A92125FD3200C759FB /* MainViewModel.swift */; };
		31E7B9AC2125FD5600C759FB /* WeatherTableViewModel.swift in Sources */ = {isa = PBXBuildFile; fileRef = 31E7B9AB2125FD5600C759FB /* WeatherTableViewModel.swift */; };
		31E7B9AE2126048900C759FB /* CitiesService.swift in Sources */ = {isa = PBXBuildFile; fileRef = 31E7B9AD2126048900C759FB /* CitiesService.swift */; };
		6680E07EC03B98558FA56C4E /* Pods_testedanilo.framework in Frameworks */ = {isa = PBXBuildFile; fileRef = BBA4473921B779360F8E0BDC /* Pods_testedanilo.framework */; };
/* End PBXBuildFile section */

/* Begin PBXContainerItemProxy section */
		313CA2702121BD90003DC311 /* PBXContainerItemProxy */ = {
			isa = PBXContainerItemProxy;
			containerPortal = 313CA2502121BD8E003DC311 /* Project object */;
			proxyType = 1;
			remoteGlobalIDString = 313CA2572121BD8E003DC311;
			remoteInfo = testedanilo;
		};
		313CA27B2121BD90003DC311 /* PBXContainerItemProxy */ = {
			isa = PBXContainerItemProxy;
			containerPortal = 313CA2502121BD8E003DC311 /* Project object */;
			proxyType = 1;
			remoteGlobalIDString = 313CA2572121BD8E003DC311;
			remoteInfo = testedanilo;
		};
/* End PBXContainerItemProxy section */

/* Begin PBXFileReference section */
		310683292125AC030040E518 /* WeatherPresenter.swift */ = {isa = PBXFileReference; lastKnownFileType = sourcecode.swift; path = WeatherPresenter.swift; sourceTree = "<group>"; };
		310BE560213D6785009EAD33 /* MyColors.swift */ = {isa = PBXFileReference; lastKnownFileType = sourcecode.swift; path = MyColors.swift; sourceTree = "<group>"; };
		310BE562213D694C009EAD33 /* DecoratorFactory.swift */ = {isa = PBXFileReference; lastKnownFileType = sourcecode.swift; path = DecoratorFactory.swift; sourceTree = "<group>"; };
		310BE565213D6F69009EAD33 /* LabelDecoratorProtocol.swift */ = {isa = PBXFileReference; lastKnownFileType = sourcecode.swift; path = LabelDecoratorProtocol.swift; sourceTree = "<group>"; };
		310BE56A213D75A6009EAD33 /* LabelDecorator.swift */ = {isa = PBXFileReference; lastKnownFileType = sourcecode.swift; path = LabelDecorator.swift; sourceTree = "<group>"; };
		310BE56F213DB545009EAD33 /* TableDecoratorProtocol.swift */ = {isa = PBXFileReference; lastKnownFileType = sourcecode.swift; path = TableDecoratorProtocol.swift; sourceTree = "<group>"; };
		310BE571213DB5DC009EAD33 /* TableDecorator.swift */ = {isa = PBXFileReference; lastKnownFileType = sourcecode.swift; path = TableDecorator.swift; sourceTree = "<group>"; };
		311B9957212EEA64008AC618 /* CityMO+CoreDataClass.swift */ = {isa = PBXFileReference; lastKnownFileType = sourcecode.swift; path = "CityMO+CoreDataClass.swift"; sourceTree = "<group>"; };
		311B9958212EEA64008AC618 /* CityMO+CoreDataProperties.swift */ = {isa = PBXFileReference; lastKnownFileType = sourcecode.swift; path = "CityMO+CoreDataProperties.swift"; sourceTree = "<group>"; };
		311B9959212EEA64008AC618 /* WeatherMO+CoreDataClass.swift */ = {isa = PBXFileReference; lastKnownFileType = sourcecode.swift; path = "WeatherMO+CoreDataClass.swift"; sourceTree = "<group>"; };
		311B995A212EEA64008AC618 /* WeatherMO+CoreDataProperties.swift */ = {isa = PBXFileReference; lastKnownFileType = sourcecode.swift; path = "WeatherMO+CoreDataProperties.swift"; sourceTree = "<group>"; };
		311D320A212444AF0023E927 /* WeatherService.swift */ = {isa = PBXFileReference; lastKnownFileType = sourcecode.swift; path = WeatherService.swift; sourceTree = "<group>"; };
		31276D3B21345F6D004FA2C0 /* PlaceholderController.swift */ = {isa = PBXFileReference; lastKnownFileType = sourcecode.swift; path = PlaceholderController.swift; sourceTree = "<group>"; };
		31276D3D21346574004FA2C0 /* PlaceholderViewModel.swift */ = {isa = PBXFileReference; lastKnownFileType = sourcecode.swift; path = PlaceholderViewModel.swift; sourceTree = "<group>"; };
		31276D3F21347203004FA2C0 /* ImagePlaceholder.swift */ = {isa = PBXFileReference; lastKnownFileType = sourcecode.swift; path = ImagePlaceholder.swift; sourceTree = "<group>"; };
		31276D4121347A90004FA2C0 /* PlaceholderCell.swift */ = {isa = PBXFileReference; lastKnownFileType = sourcecode.swift; path = PlaceholderCell.swift; sourceTree = "<group>"; };
		313CA2582121BD8E003DC311 /* testedanilo.app */ = {isa = PBXFileReference; explicitFileType = wrapper.application; includeInIndex = 0; path = testedanilo.app; sourceTree = BUILT_PRODUCTS_DIR; };
		313CA25B2121BD8E003DC311 /* AppDelegate.swift */ = {isa = PBXFileReference; lastKnownFileType = sourcecode.swift; path = AppDelegate.swift; sourceTree = "<group>"; };
		313CA2602121BD8E003DC311 /* Base */ = {isa = PBXFileReference; lastKnownFileType = file.storyboard; name = Base; path = Base.lproj/Main.storyboard; sourceTree = "<group>"; };
		313CA2632121BD8E003DC311 /* testedanilo.xcdatamodel */ = {isa = PBXFileReference; lastKnownFileType = wrapper.xcdatamodel; path = testedanilo.xcdatamodel; sourceTree = "<group>"; };
		313CA2652121BD90003DC311 /* Assets.xcassets */ = {isa = PBXFileReference; lastKnownFileType = folder.assetcatalog; path = Assets.xcassets; sourceTree = "<group>"; };
		313CA2682121BD90003DC311 /* Base */ = {isa = PBXFileReference; lastKnownFileType = file.storyboard; name = Base; path = Base.lproj/LaunchScreen.storyboard; sourceTree = "<group>"; };
		313CA26A2121BD90003DC311 /* Info.plist */ = {isa = PBXFileReference; lastKnownFileType = text.plist.xml; path = Info.plist; sourceTree = "<group>"; };
		313CA26F2121BD90003DC311 /* testedaniloTests.xctest */ = {isa = PBXFileReference; explicitFileType = wrapper.cfbundle; includeInIndex = 0; path = testedaniloTests.xctest; sourceTree = BUILT_PRODUCTS_DIR; };
		313CA2732121BD90003DC311 /* testedaniloTests.swift */ = {isa = PBXFileReference; lastKnownFileType = sourcecode.swift; path = testedaniloTests.swift; sourceTree = "<group>"; };
		313CA2752121BD90003DC311 /* Info.plist */ = {isa = PBXFileReference; lastKnownFileType = text.plist.xml; path = Info.plist; sourceTree = "<group>"; };
		313CA27A2121BD90003DC311 /* testedaniloUITests.xctest */ = {isa = PBXFileReference; explicitFileType = wrapper.cfbundle; includeInIndex = 0; path = testedaniloUITests.xctest; sourceTree = BUILT_PRODUCTS_DIR; };
		313CA27E2121BD90003DC311 /* testedaniloUITests.swift */ = {isa = PBXFileReference; lastKnownFileType = sourcecode.swift; path = testedaniloUITests.swift; sourceTree = "<group>"; };
		313CA2802121BD90003DC311 /* Info.plist */ = {isa = PBXFileReference; lastKnownFileType = text.plist.xml; path = Info.plist; sourceTree = "<group>"; };
		313CA28C2121BEB0003DC311 /* MainViewController.swift */ = {isa = PBXFileReference; lastKnownFileType = sourcecode.swift; path = MainViewController.swift; sourceTree = "<group>"; };
		313CA2902121C9DC003DC311 /* MainTableViewCell.swift */ = {isa = PBXFileReference; lastKnownFileType = sourcecode.swift; path = MainTableViewCell.swift; sourceTree = "<group>"; };
		313CA2922121DEA8003DC311 /* City.swift */ = {isa = PBXFileReference; lastKnownFileType = sourcecode.swift; path = City.swift; sourceTree = "<group>"; };
		313CA29621220D17003DC311 /* citylist.json */ = {isa = PBXFileReference; fileEncoding = 4; lastKnownFileType = text.json; name = citylist.json; path = ../../../Downloads/citylist.json; sourceTree = "<group>"; };
		313CA29821220D74003DC311 /* JSONParser.swift */ = {isa = PBXFileReference; lastKnownFileType = sourcecode.swift; path = JSONParser.swift; sourceTree = "<group>"; };
		31999E1C212DA44600243751 /* BrowseLocationController.swift */ = {isa = PBXFileReference; lastKnownFileType = sourcecode.swift; path = BrowseLocationController.swift; sourceTree = "<group>"; };
		31B3633F21270BB6007953AF /* CoreDataManager.swift */ = {isa = PBXFileReference; lastKnownFileType = sourcecode.swift; path = CoreDataManager.swift; sourceTree = "<group>"; };
		31E11DAC2135779F00B1BBB1 /* UIImageExtensions.swift */ = {isa = PBXFileReference; lastKnownFileType = sourcecode.swift; path = UIImageExtensions.swift; sourceTree = "<group>"; };
		31E3C5B72123154600286021 /* WeatherViewController.swift */ = {isa = PBXFileReference; lastKnownFileType = sourcecode.swift; path = WeatherViewController.swift; sourceTree = "<group>"; };
		31E3C5BA212336A400286021 /* Weather.swift */ = {isa = PBXFileReference; lastKnownFileType = sourcecode.swift; path = Weather.swift; sourceTree = "<group>"; };
		31E3C5BC21234E1B00286021 /* WeatherCell.swift */ = {isa = PBXFileReference; lastKnownFileType = sourcecode.swift; path = WeatherCell.swift; sourceTree = "<group>"; };
		31E7B9A92125FD3200C759FB /* MainViewModel.swift */ = {isa = PBXFileReference; lastKnownFileType = sourcecode.swift; path = MainViewModel.swift; sourceTree = "<group>"; };
		31E7B9AB2125FD5600C759FB /* WeatherTableViewModel.swift */ = {isa = PBXFileReference; lastKnownFileType = sourcecode.swift; path = WeatherTableViewModel.swift; sourceTree = "<group>"; };
		31E7B9AD2126048900C759FB /* CitiesService.swift */ = {isa = PBXFileReference; lastKnownFileType = sourcecode.swift; path = CitiesService.swift; sourceTree = "<group>"; };
		4FD4DA9C86E8C49D3599317B /* Pods-testedanilo.debug.xcconfig */ = {isa = PBXFileReference; includeInIndex = 1; lastKnownFileType = text.xcconfig; name = "Pods-testedanilo.debug.xcconfig"; path = "Pods/Target Support Files/Pods-testedanilo/Pods-testedanilo.debug.xcconfig"; sourceTree = "<group>"; };
		BBA4473921B779360F8E0BDC /* Pods_testedanilo.framework */ = {isa = PBXFileReference; explicitFileType = wrapper.framework; includeInIndex = 0; path = Pods_testedanilo.framework; sourceTree = BUILT_PRODUCTS_DIR; };
		FBDE180E4A36D44C9747121B /* Pods-testedanilo.release.xcconfig */ = {isa = PBXFileReference; includeInIndex = 1; lastKnownFileType = text.xcconfig; name = "Pods-testedanilo.release.xcconfig"; path = "Pods/Target Support Files/Pods-testedanilo/Pods-testedanilo.release.xcconfig"; sourceTree = "<group>"; };
/* End PBXFileReference section */

/* Begin PBXFrameworksBuildPhase section */
		313CA2552121BD8E003DC311 /* Frameworks */ = {
			isa = PBXFrameworksBuildPhase;
			buildActionMask = 2147483647;
			files = (
				6680E07EC03B98558FA56C4E /* Pods_testedanilo.framework in Frameworks */,
			);
			runOnlyForDeploymentPostprocessing = 0;
		};
		313CA26C2121BD90003DC311 /* Frameworks */ = {
			isa = PBXFrameworksBuildPhase;
			buildActionMask = 2147483647;
			files = (
			);
			runOnlyForDeploymentPostprocessing = 0;
		};
		313CA2772121BD90003DC311 /* Frameworks */ = {
			isa = PBXFrameworksBuildPhase;
			buildActionMask = 2147483647;
			files = (
			);
			runOnlyForDeploymentPostprocessing = 0;
		};
/* End PBXFrameworksBuildPhase section */

/* Begin PBXGroup section */
		2205E6F62F6735874E22143E /* Pods */ = {
			isa = PBXGroup;
			children = (
				4FD4DA9C86E8C49D3599317B /* Pods-testedanilo.debug.xcconfig */,
				FBDE180E4A36D44C9747121B /* Pods-testedanilo.release.xcconfig */,
			);
			name = Pods;
			sourceTree = "<group>";
		};
		310BE55D213D674C009EAD33 /* custom */ = {
			isa = PBXGroup;
			children = (
				310BE55F213D676A009EAD33 /* color */,
				310BE55E213D6766009EAD33 /* decorator */,
			);
			path = custom;
			sourceTree = "<group>";
		};
		310BE55E213D6766009EAD33 /* decorator */ = {
			isa = PBXGroup;
			children = (
				310BE562213D694C009EAD33 /* DecoratorFactory.swift */,
				310BE565213D6F69009EAD33 /* LabelDecoratorProtocol.swift */,
				310BE56A213D75A6009EAD33 /* LabelDecorator.swift */,
				310BE56F213DB545009EAD33 /* TableDecoratorProtocol.swift */,
				310BE571213DB5DC009EAD33 /* TableDecorator.swift */,
			);
			path = decorator;
			sourceTree = "<group>";
		};
		310BE55F213D676A009EAD33 /* color */ = {
			isa = PBXGroup;
			children = (
				310BE560213D6785009EAD33 /* MyColors.swift */,
			);
			path = color;
			sourceTree = "<group>";
		};
		311D3209212441260023E927 /* services */ = {
			isa = PBXGroup;
			children = (
				311D320A212444AF0023E927 /* WeatherService.swift */,
				31E7B9AD2126048900C759FB /* CitiesService.swift */,
				313CA29821220D74003DC311 /* JSONParser.swift */,
			);
			path = services;
			sourceTree = "<group>";
		};
		313CA24F2121BD8E003DC311 = {
			isa = PBXGroup;
			children = (
				313CA25A2121BD8E003DC311 /* testedanilo */,
				313CA2722121BD90003DC311 /* testedaniloTests */,
				313CA27D2121BD90003DC311 /* testedaniloUITests */,
				313CA2592121BD8E003DC311 /* Products */,
				2205E6F62F6735874E22143E /* Pods */,
				7301094A8AE66DF26821A3D5 /* Frameworks */,
			);
			sourceTree = "<group>";
		};
		313CA2592121BD8E003DC311 /* Products */ = {
			isa = PBXGroup;
			children = (
				313CA2582121BD8E003DC311 /* testedanilo.app */,
				313CA26F2121BD90003DC311 /* testedaniloTests.xctest */,
				313CA27A2121BD90003DC311 /* testedaniloUITests.xctest */,
			);
			name = Products;
			sourceTree = "<group>";
		};
		313CA25A2121BD8E003DC311 /* testedanilo */ = {
			isa = PBXGroup;
			children = (
				310BE55D213D674C009EAD33 /* custom */,
				31E11DAB2135777900B1BBB1 /* extensions */,
				31E7B9AF2126FFF100C759FB /* data */,
				31E7B9A82125FC8D00C759FB /* viewmodel */,
				311D3209212441260023E927 /* services */,
				31E3C5BF2123538600286021 /* controllers */,
				31E3C5BE2123536900286021 /* cells */,
				31E3C5B92123157A00286021 /* model */,
				313CA29521220CAD003DC311 /* json */,
				313CA25B2121BD8E003DC311 /* AppDelegate.swift */,
				313CA25F2121BD8E003DC311 /* Main.storyboard */,
				313CA2652121BD90003DC311 /* Assets.xcassets */,
				313CA2672121BD90003DC311 /* LaunchScreen.storyboard */,
				313CA26A2121BD90003DC311 /* Info.plist */,
				313CA2622121BD8E003DC311 /* testedanilo.xcdatamodeld */,
			);
			path = testedanilo;
			sourceTree = "<group>";
		};
		313CA2722121BD90003DC311 /* testedaniloTests */ = {
			isa = PBXGroup;
			children = (
				313CA2732121BD90003DC311 /* testedaniloTests.swift */,
				313CA2752121BD90003DC311 /* Info.plist */,
			);
			path = testedaniloTests;
			sourceTree = "<group>";
		};
		313CA27D2121BD90003DC311 /* testedaniloUITests */ = {
			isa = PBXGroup;
			children = (
				313CA27E2121BD90003DC311 /* testedaniloUITests.swift */,
				313CA2802121BD90003DC311 /* Info.plist */,
			);
			path = testedaniloUITests;
			sourceTree = "<group>";
		};
		313CA29521220CAD003DC311 /* json */ = {
			isa = PBXGroup;
			children = (
				313CA29621220D17003DC311 /* citylist.json */,
			);
			path = json;
			sourceTree = "<group>";
		};
		31E11DAB2135777900B1BBB1 /* extensions */ = {
			isa = PBXGroup;
			children = (
				31E11DAC2135779F00B1BBB1 /* UIImageExtensions.swift */,
			);
			path = extensions;
			sourceTree = "<group>";
		};
		31E3C5B92123157A00286021 /* model */ = {
			isa = PBXGroup;
			children = (
				313CA2922121DEA8003DC311 /* City.swift */,
				31E3C5BA212336A400286021 /* Weather.swift */,
				310683292125AC030040E518 /* WeatherPresenter.swift */,
				31276D3F21347203004FA2C0 /* ImagePlaceholder.swift */,
			);
			path = model;
			sourceTree = "<group>";
		};
		31E3C5BE2123536900286021 /* cells */ = {
			isa = PBXGroup;
			children = (
				313CA2902121C9DC003DC311 /* MainTableViewCell.swift */,
				31E3C5BC21234E1B00286021 /* WeatherCell.swift */,
				31276D4121347A90004FA2C0 /* PlaceholderCell.swift */,
			);
			path = cells;
			sourceTree = "<group>";
		};
		31E3C5BF2123538600286021 /* controllers */ = {
			isa = PBXGroup;
			children = (
				313CA28C2121BEB0003DC311 /* MainViewController.swift */,
				31E3C5B72123154600286021 /* WeatherViewController.swift */,
				31999E1C212DA44600243751 /* BrowseLocationController.swift */,
				31276D3B21345F6D004FA2C0 /* PlaceholderController.swift */,
			);
			path = controllers;
			sourceTree = "<group>";
		};
		31E7B9A82125FC8D00C759FB /* viewmodel */ = {
			isa = PBXGroup;
			children = (
				31E7B9A92125FD3200C759FB /* MainViewModel.swift */,
				31E7B9AB2125FD5600C759FB /* WeatherTableViewModel.swift */,
				31276D3D21346574004FA2C0 /* PlaceholderViewModel.swift */,
			);
			path = viewmodel;
			sourceTree = "<group>";
		};
		31E7B9AF2126FFF100C759FB /* data */ = {
			isa = PBXGroup;
			children = (
				31B3633F21270BB6007953AF /* CoreDataManager.swift */,
				311B9957212EEA64008AC618 /* CityMO+CoreDataClass.swift */,
				311B9958212EEA64008AC618 /* CityMO+CoreDataProperties.swift */,
				311B9959212EEA64008AC618 /* WeatherMO+CoreDataClass.swift */,
				311B995A212EEA64008AC618 /* WeatherMO+CoreDataProperties.swift */,
			);
			path = data;
			sourceTree = "<group>";
		};
		7301094A8AE66DF26821A3D5 /* Frameworks */ = {
			isa = PBXGroup;
			children = (
				BBA4473921B779360F8E0BDC /* Pods_testedanilo.framework */,
			);
			name = Frameworks;
			sourceTree = "<group>";
		};
/* End PBXGroup section */

/* Begin PBXNativeTarget section */
		313CA2572121BD8E003DC311 /* testedanilo */ = {
			isa = PBXNativeTarget;
			buildConfigurationList = 313CA2832121BD90003DC311 /* Build configuration list for PBXNativeTarget "testedanilo" */;
			buildPhases = (
				426787D3222CBB7604FADB36 /* [CP] Check Pods Manifest.lock */,
				313CA2542121BD8E003DC311 /* Sources */,
				313CA2552121BD8E003DC311 /* Frameworks */,
				313CA2562121BD8E003DC311 /* Resources */,
				AB61CC961750D6CCEA3092EF /* [CP] Embed Pods Frameworks */,
			);
			buildRules = (
			);
			dependencies = (
			);
			name = testedanilo;
			productName = testedanilo;
			productReference = 313CA2582121BD8E003DC311 /* testedanilo.app */;
			productType = "com.apple.product-type.application";
		};
		313CA26E2121BD90003DC311 /* testedaniloTests */ = {
			isa = PBXNativeTarget;
			buildConfigurationList = 313CA2862121BD90003DC311 /* Build configuration list for PBXNativeTarget "testedaniloTests" */;
			buildPhases = (
				313CA26B2121BD90003DC311 /* Sources */,
				313CA26C2121BD90003DC311 /* Frameworks */,
				313CA26D2121BD90003DC311 /* Resources */,
			);
			buildRules = (
			);
			dependencies = (
				313CA2712121BD90003DC311 /* PBXTargetDependency */,
			);
			name = testedaniloTests;
			productName = testedaniloTests;
			productReference = 313CA26F2121BD90003DC311 /* testedaniloTests.xctest */;
			productType = "com.apple.product-type.bundle.unit-test";
		};
		313CA2792121BD90003DC311 /* testedaniloUITests */ = {
			isa = PBXNativeTarget;
			buildConfigurationList = 313CA2892121BD90003DC311 /* Build configuration list for PBXNativeTarget "testedaniloUITests" */;
			buildPhases = (
				313CA2762121BD90003DC311 /* Sources */,
				313CA2772121BD90003DC311 /* Frameworks */,
				313CA2782121BD90003DC311 /* Resources */,
			);
			buildRules = (
			);
			dependencies = (
				313CA27C2121BD90003DC311 /* PBXTargetDependency */,
			);
			name = testedaniloUITests;
			productName = testedaniloUITests;
			productReference = 313CA27A2121BD90003DC311 /* testedaniloUITests.xctest */;
			productType = "com.apple.product-type.bundle.ui-testing";
		};
/* End PBXNativeTarget section */

/* Begin PBXProject section */
		313CA2502121BD8E003DC311 /* Project object */ = {
			isa = PBXProject;
			attributes = {
				LastSwiftUpdateCheck = 0940;
				LastUpgradeCheck = 0940;
				ORGANIZATIONNAME = mosyle;
				TargetAttributes = {
					313CA2572121BD8E003DC311 = {
						CreatedOnToolsVersion = 9.4.1;
					};
					313CA26E2121BD90003DC311 = {
						CreatedOnToolsVersion = 9.4.1;
						TestTargetID = 313CA2572121BD8E003DC311;
					};
					313CA2792121BD90003DC311 = {
						CreatedOnToolsVersion = 9.4.1;
						TestTargetID = 313CA2572121BD8E003DC311;
					};
				};
			};
			buildConfigurationList = 313CA2532121BD8E003DC311 /* Build configuration list for PBXProject "testedanilo" */;
			compatibilityVersion = "Xcode 9.3";
			developmentRegion = en;
			hasScannedForEncodings = 0;
			knownRegions = (
				en,
				Base,
			);
			mainGroup = 313CA24F2121BD8E003DC311;
			productRefGroup = 313CA2592121BD8E003DC311 /* Products */;
			projectDirPath = "";
			projectRoot = "";
			targets = (
				313CA2572121BD8E003DC311 /* testedanilo */,
				313CA26E2121BD90003DC311 /* testedaniloTests */,
				313CA2792121BD90003DC311 /* testedaniloUITests */,
			);
		};
/* End PBXProject section */

/* Begin PBXResourcesBuildPhase section */
		313CA2562121BD8E003DC311 /* Resources */ = {
			isa = PBXResourcesBuildPhase;
			buildActionMask = 2147483647;
			files = (
				313CA2692121BD90003DC311 /* LaunchScreen.storyboard in Resources */,
				313CA29721220D17003DC311 /* citylist.json in Resources */,
				313CA2662121BD90003DC311 /* Assets.xcassets in Resources */,
				313CA2612121BD8E003DC311 /* Main.storyboard in Resources */,
			);
			runOnlyForDeploymentPostprocessing = 0;
		};
		313CA26D2121BD90003DC311 /* Resources */ = {
			isa = PBXResourcesBuildPhase;
			buildActionMask = 2147483647;
			files = (
			);
			runOnlyForDeploymentPostprocessing = 0;
		};
		313CA2782121BD90003DC311 /* Resources */ = {
			isa = PBXResourcesBuildPhase;
			buildActionMask = 2147483647;
			files = (
			);
			runOnlyForDeploymentPostprocessing = 0;
		};
/* End PBXResourcesBuildPhase section */

/* Begin PBXShellScriptBuildPhase section */
		426787D3222CBB7604FADB36 /* [CP] Check Pods Manifest.lock */ = {
			isa = PBXShellScriptBuildPhase;
			buildActionMask = 2147483647;
			files = (
			);
			inputPaths = (
				"${PODS_PODFILE_DIR_PATH}/Podfile.lock",
				"${PODS_ROOT}/Manifest.lock",
			);
			name = "[CP] Check Pods Manifest.lock";
			outputPaths = (
				"$(DERIVED_FILE_DIR)/Pods-testedanilo-checkManifestLockResult.txt",
			);
			runOnlyForDeploymentPostprocessing = 0;
			shellPath = /bin/sh;
			shellScript = "diff \"${PODS_PODFILE_DIR_PATH}/Podfile.lock\" \"${PODS_ROOT}/Manifest.lock\" > /dev/null\nif [ $? != 0 ] ; then\n    # print error to STDERR\n    echo \"error: The sandbox is not in sync with the Podfile.lock. Run 'pod install' or update your CocoaPods installation.\" >&2\n    exit 1\nfi\n# This output is used by Xcode 'outputs' to avoid re-running this script phase.\necho \"SUCCESS\" > \"${SCRIPT_OUTPUT_FILE_0}\"\n";
			showEnvVarsInLog = 0;
		};
		AB61CC961750D6CCEA3092EF /* [CP] Embed Pods Frameworks */ = {
			isa = PBXShellScriptBuildPhase;
			buildActionMask = 2147483647;
			files = (
			);
			inputPaths = (
				"${SRCROOT}/Pods/Target Support Files/Pods-testedanilo/Pods-testedanilo-frameworks.sh",
				"${BUILT_PRODUCTS_DIR}/Kingfisher/Kingfisher.framework",
			);
			name = "[CP] Embed Pods Frameworks";
			outputPaths = (
				"${TARGET_BUILD_DIR}/${FRAMEWORKS_FOLDER_PATH}/Kingfisher.framework",
			);
			runOnlyForDeploymentPostprocessing = 0;
			shellPath = /bin/sh;
			shellScript = "\"${SRCROOT}/Pods/Target Support Files/Pods-testedanilo/Pods-testedanilo-frameworks.sh\"\n";
			showEnvVarsInLog = 0;
		};
/* End PBXShellScriptBuildPhase section */

/* Begin PBXSourcesBuildPhase section */
		313CA2542121BD8E003DC311 /* Sources */ = {
			isa = PBXSourcesBuildPhase;
			buildActionMask = 2147483647;
			files = (
				31E3C5BB212336A400286021 /* Weather.swift in Sources */,
				3106832A2125AC030040E518 /* WeatherPresenter.swift in Sources */,
				31B3634021270BB6007953AF /* CoreDataManager.swift in Sources */,
				31E3C5B82123154600286021 /* WeatherViewController.swift in Sources */,
				311B995D212EEA64008AC618 /* WeatherMO+CoreDataClass.swift in Sources */,
				310BE563213D694C009EAD33 /* DecoratorFactory.swift in Sources */,
				310BE56B213D75A6009EAD33 /* LabelDecorator.swift in Sources */,
				31E3C5BD21234E1B00286021 /* WeatherCell.swift in Sources */,
				313CA25C2121BD8E003DC311 /* AppDelegate.swift in Sources */,
				311B995B212EEA64008AC618 /* CityMO+CoreDataClass.swift in Sources */,
				311B995E212EEA64008AC618 /* WeatherMO+CoreDataProperties.swift in Sources */,
				313CA2932121DEA9003DC311 /* City.swift in Sources */,
				311B995C212EEA64008AC618 /* CityMO+CoreDataProperties.swift in Sources */,
				31276D4221347A90004FA2C0 /* PlaceholderCell.swift in Sources */,
				31999E1D212DA44600243751 /* BrowseLocationController.swift in Sources */,
				31276D3E21346574004FA2C0 /* PlaceholderViewModel.swift in Sources */,
				310BE572213DB5DC009EAD33 /* TableDecorator.swift in Sources */,
				310BE570213DB545009EAD33 /* TableDecoratorProtocol.swift in Sources */,
				31276D4021347204004FA2C0 /* ImagePlaceholder.swift in Sources */,
				31E7B9AE2126048900C759FB /* CitiesService.swift in Sources */,
				313CA29921220D74003DC311 /* JSONParser.swift in Sources */,
				31E11DAD2135779F00B1BBB1 /* UIImageExtensions.swift in Sources */,
				313CA28D2121BEB0003DC311 /* MainViewController.swift in Sources */,
				313CA2912121C9DC003DC311 /* MainTableViewCell.swift in Sources */,
				31276D3C21345F6D004FA2C0 /* PlaceholderController.swift in Sources */,
				310BE566213D6F69009EAD33 /* LabelDecoratorProtocol.swift in Sources */,
				31E7B9AA2125FD3200C759FB /* MainViewModel.swift in Sources */,
				31E7B9AC2125FD5600C759FB /* WeatherTableViewModel.swift in Sources */,
				310BE561213D6785009EAD33 /* MyColors.swift in Sources */,
				311D320B212444AF0023E927 /* WeatherService.swift in Sources */,
				313CA2642121BD8E003DC311 /* testedanilo.xcdatamodeld in Sources */,
			);
			runOnlyForDeploymentPostprocessing = 0;
		};
		313CA26B2121BD90003DC311 /* Sources */ = {
			isa = PBXSourcesBuildPhase;
			buildActionMask = 2147483647;
			files = (
				313CA2742121BD90003DC311 /* testedaniloTests.swift in Sources */,
			);
			runOnlyForDeploymentPostprocessing = 0;
		};
		313CA2762121BD90003DC311 /* Sources */ = {
			isa = PBXSourcesBuildPhase;
			buildActionMask = 2147483647;
			files = (
				313CA27F2121BD90003DC311 /* testedaniloUITests.swift in Sources */,
			);
			runOnlyForDeploymentPostprocessing = 0;
		};
/* End PBXSourcesBuildPhase section */

/* Begin PBXTargetDependency section */
		313CA2712121BD90003DC311 /* PBXTargetDependency */ = {
			isa = PBXTargetDependency;
			target = 313CA2572121BD8E003DC311 /* testedanilo */;
			targetProxy = 313CA2702121BD90003DC311 /* PBXContainerItemProxy */;
		};
		313CA27C2121BD90003DC311 /* PBXTargetDependency */ = {
			isa = PBXTargetDependency;
			target = 313CA2572121BD8E003DC311 /* testedanilo */;
			targetProxy = 313CA27B2121BD90003DC311 /* PBXContainerItemProxy */;
		};
/* End PBXTargetDependency section */

/* Begin PBXVariantGroup section */
		313CA25F2121BD8E003DC311 /* Main.storyboard */ = {
			isa = PBXVariantGroup;
			children = (
				313CA2602121BD8E003DC311 /* Base */,
			);
			name = Main.storyboard;
			sourceTree = "<group>";
		};
		313CA2672121BD90003DC311 /* LaunchScreen.storyboard */ = {
			isa = PBXVariantGroup;
			children = (
				313CA2682121BD90003DC311 /* Base */,
			);
			name = LaunchScreen.storyboard;
			sourceTree = "<group>";
		};
/* End PBXVariantGroup section */

/* Begin XCBuildConfiguration section */
		313CA2812121BD90003DC311 /* Debug */ = {
			isa = XCBuildConfiguration;
			buildSettings = {
				ALWAYS_SEARCH_USER_PATHS = NO;
				CLANG_ANALYZER_NONNULL = YES;
				CLANG_ANALYZER_NUMBER_OBJECT_CONVERSION = YES_AGGRESSIVE;
				CLANG_CXX_LANGUAGE_STANDARD = "gnu++14";
				CLANG_CXX_LIBRARY = "libc++";
				CLANG_ENABLE_MODULES = YES;
				CLANG_ENABLE_OBJC_ARC = YES;
				CLANG_ENABLE_OBJC_WEAK = YES;
				CLANG_WARN_BLOCK_CAPTURE_AUTORELEASING = YES;
				CLANG_WARN_BOOL_CONVERSION = YES;
				CLANG_WARN_COMMA = YES;
				CLANG_WARN_CONSTANT_CONVERSION = YES;
				CLANG_WARN_DEPRECATED_OBJC_IMPLEMENTATIONS = YES;
				CLANG_WARN_DIRECT_OBJC_ISA_USAGE = YES_ERROR;
				CLANG_WARN_DOCUMENTATION_COMMENTS = YES;
				CLANG_WARN_EMPTY_BODY = YES;
				CLANG_WARN_ENUM_CONVERSION = YES;
				CLANG_WARN_INFINITE_RECURSION = YES;
				CLANG_WARN_INT_CONVERSION = YES;
				CLANG_WARN_NON_LITERAL_NULL_CONVERSION = YES;
				CLANG_WARN_OBJC_IMPLICIT_RETAIN_SELF = YES;
				CLANG_WARN_OBJC_LITERAL_CONVERSION = YES;
				CLANG_WARN_OBJC_ROOT_CLASS = YES_ERROR;
				CLANG_WARN_RANGE_LOOP_ANALYSIS = YES;
				CLANG_WARN_STRICT_PROTOTYPES = YES;
				CLANG_WARN_SUSPICIOUS_MOVE = YES;
				CLANG_WARN_UNGUARDED_AVAILABILITY = YES_AGGRESSIVE;
				CLANG_WARN_UNREACHABLE_CODE = YES;
				CLANG_WARN__DUPLICATE_METHOD_MATCH = YES;
				CODE_SIGN_IDENTITY = "iPhone Developer";
				COPY_PHASE_STRIP = NO;
				DEBUG_INFORMATION_FORMAT = dwarf;
				ENABLE_STRICT_OBJC_MSGSEND = YES;
				ENABLE_TESTABILITY = YES;
				GCC_C_LANGUAGE_STANDARD = gnu11;
				GCC_DYNAMIC_NO_PIC = NO;
				GCC_NO_COMMON_BLOCKS = YES;
				GCC_OPTIMIZATION_LEVEL = 0;
				GCC_PREPROCESSOR_DEFINITIONS = (
					"DEBUG=1",
					"$(inherited)",
				);
				GCC_WARN_64_TO_32_BIT_CONVERSION = YES;
				GCC_WARN_ABOUT_RETURN_TYPE = YES_ERROR;
				GCC_WARN_UNDECLARED_SELECTOR = YES;
				GCC_WARN_UNINITIALIZED_AUTOS = YES_AGGRESSIVE;
				GCC_WARN_UNUSED_FUNCTION = YES;
				GCC_WARN_UNUSED_VARIABLE = YES;
				IPHONEOS_DEPLOYMENT_TARGET = 11.4;
				MTL_ENABLE_DEBUG_INFO = YES;
				ONLY_ACTIVE_ARCH = YES;
				SDKROOT = iphoneos;
				SWIFT_ACTIVE_COMPILATION_CONDITIONS = DEBUG;
				SWIFT_OPTIMIZATION_LEVEL = "-Onone";
			};
			name = Debug;
		};
		313CA2822121BD90003DC311 /* Release */ = {
			isa = XCBuildConfiguration;
			buildSettings = {
				ALWAYS_SEARCH_USER_PATHS = NO;
				CLANG_ANALYZER_NONNULL = YES;
				CLANG_ANALYZER_NUMBER_OBJECT_CONVERSION = YES_AGGRESSIVE;
				CLANG_CXX_LANGUAGE_STANDARD = "gnu++14";
				CLANG_CXX_LIBRARY = "libc++";
				CLANG_ENABLE_MODULES = YES;
				CLANG_ENABLE_OBJC_ARC = YES;
				CLANG_ENABLE_OBJC_WEAK = YES;
				CLANG_WARN_BLOCK_CAPTURE_AUTORELEASING = YES;
				CLANG_WARN_BOOL_CONVERSION = YES;
				CLANG_WARN_COMMA = YES;
				CLANG_WARN_CONSTANT_CONVERSION = YES;
				CLANG_WARN_DEPRECATED_OBJC_IMPLEMENTATIONS = YES;
				CLANG_WARN_DIRECT_OBJC_ISA_USAGE = YES_ERROR;
				CLANG_WARN_DOCUMENTATION_COMMENTS = YES;
				CLANG_WARN_EMPTY_BODY = YES;
				CLANG_WARN_ENUM_CONVERSION = YES;
				CLANG_WARN_INFINITE_RECURSION = YES;
				CLANG_WARN_INT_CONVERSION = YES;
				CLANG_WARN_NON_LITERAL_NULL_CONVERSION = YES;
				CLANG_WARN_OBJC_IMPLICIT_RETAIN_SELF = YES;
				CLANG_WARN_OBJC_LITERAL_CONVERSION = YES;
				CLANG_WARN_OBJC_ROOT_CLASS = YES_ERROR;
				CLANG_WARN_RANGE_LOOP_ANALYSIS = YES;
				CLANG_WARN_STRICT_PROTOTYPES = YES;
				CLANG_WARN_SUSPICIOUS_MOVE = YES;
				CLANG_WARN_UNGUARDED_AVAILABILITY = YES_AGGRESSIVE;
				CLANG_WARN_UNREACHABLE_CODE = YES;
				CLANG_WARN__DUPLICATE_METHOD_MATCH = YES;
				CODE_SIGN_IDENTITY = "iPhone Developer";
				COPY_PHASE_STRIP = NO;
				DEBUG_INFORMATION_FORMAT = "dwarf-with-dsym";
				ENABLE_NS_ASSERTIONS = NO;
				ENABLE_STRICT_OBJC_MSGSEND = YES;
				GCC_C_LANGUAGE_STANDARD = gnu11;
				GCC_NO_COMMON_BLOCKS = YES;
				GCC_WARN_64_TO_32_BIT_CONVERSION = YES;
				GCC_WARN_ABOUT_RETURN_TYPE = YES_ERROR;
				GCC_WARN_UNDECLARED_SELECTOR = YES;
				GCC_WARN_UNINITIALIZED_AUTOS = YES_AGGRESSIVE;
				GCC_WARN_UNUSED_FUNCTION = YES;
				GCC_WARN_UNUSED_VARIABLE = YES;
				IPHONEOS_DEPLOYMENT_TARGET = 11.4;
				MTL_ENABLE_DEBUG_INFO = NO;
				SDKROOT = iphoneos;
				SWIFT_COMPILATION_MODE = wholemodule;
				SWIFT_OPTIMIZATION_LEVEL = "-O";
				VALIDATE_PRODUCT = YES;
			};
			name = Release;
		};
		313CA2842121BD90003DC311 /* Debug */ = {
			isa = XCBuildConfiguration;
			baseConfigurationReference = 4FD4DA9C86E8C49D3599317B /* Pods-testedanilo.debug.xcconfig */;
			buildSettings = {
				ASSETCATALOG_COMPILER_APPICON_NAME = AppIcon;
				CODE_SIGN_STYLE = Automatic;
				DEVELOPMENT_TEAM = 2GT5UNCL52;
				INFOPLIST_FILE = testedanilo/Info.plist;
				IPHONEOS_DEPLOYMENT_TARGET = 9.0;
				LD_RUNPATH_SEARCH_PATHS = (
					"$(inherited)",
					"@executable_path/Frameworks",
				);
				PRODUCT_BUNDLE_IDENTIFIER = com.mosyle.testedanilo;
				PRODUCT_NAME = "$(TARGET_NAME)";
				SWIFT_VERSION = 4.0;
				TARGETED_DEVICE_FAMILY = "1,2";
			};
			name = Debug;
		};
		313CA2852121BD90003DC311 /* Release */ = {
			isa = XCBuildConfiguration;
			baseConfigurationReference = FBDE180E4A36D44C9747121B /* Pods-testedanilo.release.xcconfig */;
			buildSettings = {
				ASSETCATALOG_COMPILER_APPICON_NAME = AppIcon;
				CODE_SIGN_STYLE = Automatic;
				DEVELOPMENT_TEAM = 2GT5UNCL52;
				INFOPLIST_FILE = testedanilo/Info.plist;
				IPHONEOS_DEPLOYMENT_TARGET = 9.0;
				LD_RUNPATH_SEARCH_PATHS = (
					"$(inherited)",
					"@executable_path/Frameworks",
				);
				PRODUCT_BUNDLE_IDENTIFIER = com.mosyle.testedanilo;
				PRODUCT_NAME = "$(TARGET_NAME)";
				SWIFT_VERSION = 4.0;
				TARGETED_DEVICE_FAMILY = "1,2";
			};
			name = Release;
		};
		313CA2872121BD90003DC311 /* Debug */ = {
			isa = XCBuildConfiguration;
			buildSettings = {
				ALWAYS_EMBED_SWIFT_STANDARD_LIBRARIES = YES;
				BUNDLE_LOADER = "$(TEST_HOST)";
				CODE_SIGN_STYLE = Automatic;
				DEVELOPMENT_TEAM = 2GT5UNCL52;
				INFOPLIST_FILE = testedaniloTests/Info.plist;
				LD_RUNPATH_SEARCH_PATHS = (
					"$(inherited)",
					"@executable_path/Frameworks",
					"@loader_path/Frameworks",
				);
				PRODUCT_BUNDLE_IDENTIFIER = com.mosyle.testedaniloTests;
				PRODUCT_NAME = "$(TARGET_NAME)";
				SWIFT_VERSION = 4.0;
				TARGETED_DEVICE_FAMILY = "1,2";
				TEST_HOST = "$(BUILT_PRODUCTS_DIR)/testedanilo.app/testedanilo";
			};
			name = Debug;
		};
		313CA2882121BD90003DC311 /* Release */ = {
			isa = XCBuildConfiguration;
			buildSettings = {
				ALWAYS_EMBED_SWIFT_STANDARD_LIBRARIES = YES;
				BUNDLE_LOADER = "$(TEST_HOST)";
				CODE_SIGN_STYLE = Automatic;
				DEVELOPMENT_TEAM = 2GT5UNCL52;
				INFOPLIST_FILE = testedaniloTests/Info.plist;
				LD_RUNPATH_SEARCH_PATHS = (
					"$(inherited)",
					"@executable_path/Frameworks",
					"@loader_path/Frameworks",
				);
				PRODUCT_BUNDLE_IDENTIFIER = com.mosyle.testedaniloTests;
				PRODUCT_NAME = "$(TARGET_NAME)";
				SWIFT_VERSION = 4.0;
				TARGETED_DEVICE_FAMILY = "1,2";
				TEST_HOST = "$(BUILT_PRODUCTS_DIR)/testedanilo.app/testedanilo";
			};
			name = Release;
		};
		313CA28A2121BD90003DC311 /* Debug */ = {
			isa = XCBuildConfiguration;
			buildSettings = {
				ALWAYS_EMBED_SWIFT_STANDARD_LIBRARIES = YES;
				CODE_SIGN_STYLE = Automatic;
				DEVELOPMENT_TEAM = 2GT5UNCL52;
				INFOPLIST_FILE = testedaniloUITests/Info.plist;
				LD_RUNPATH_SEARCH_PATHS = (
					"$(inherited)",
					"@executable_path/Frameworks",
					"@loader_path/Frameworks",
				);
				PRODUCT_BUNDLE_IDENTIFIER = com.mosyle.testedaniloUITests;
				PRODUCT_NAME = "$(TARGET_NAME)";
				SWIFT_VERSION = 4.0;
				TARGETED_DEVICE_FAMILY = "1,2";
				TEST_TARGET_NAME = testedanilo;
			};
			name = Debug;
		};
		313CA28B2121BD90003DC311 /* Release */ = {
			isa = XCBuildConfiguration;
			buildSettings = {
				ALWAYS_EMBED_SWIFT_STANDARD_LIBRARIES = YES;
				CODE_SIGN_STYLE = Automatic;
				DEVELOPMENT_TEAM = 2GT5UNCL52;
				INFOPLIST_FILE = testedaniloUITests/Info.plist;
				LD_RUNPATH_SEARCH_PATHS = (
					"$(inherited)",
					"@executable_path/Frameworks",
					"@loader_path/Frameworks",
				);
				PRODUCT_BUNDLE_IDENTIFIER = com.mosyle.testedaniloUITests;
				PRODUCT_NAME = "$(TARGET_NAME)";
				SWIFT_VERSION = 4.0;
				TARGETED_DEVICE_FAMILY = "1,2";
				TEST_TARGET_NAME = testedanilo;
			};
			name = Release;
		};
/* End XCBuildConfiguration section */

/* Begin XCConfigurationList section */
		313CA2532121BD8E003DC311 /* Build configuration list for PBXProject "testedanilo" */ = {
			isa = XCConfigurationList;
			buildConfigurations = (
				313CA2812121BD90003DC311 /* Debug */,
				313CA2822121BD90003DC311 /* Release */,
			);
			defaultConfigurationIsVisible = 0;
			defaultConfigurationName = Release;
		};
		313CA2832121BD90003DC311 /* Build configuration list for PBXNativeTarget "testedanilo" */ = {
			isa = XCConfigurationList;
			buildConfigurations = (
				313CA2842121BD90003DC311 /* Debug */,
				313CA2852121BD90003DC311 /* Release */,
			);
			defaultConfigurationIsVisible = 0;
			defaultConfigurationName = Release;
		};
		313CA2862121BD90003DC311 /* Build configuration list for PBXNativeTarget "testedaniloTests" */ = {
			isa = XCConfigurationList;
			buildConfigurations = (
				313CA2872121BD90003DC311 /* Debug */,
				313CA2882121BD90003DC311 /* Release */,
			);
			defaultConfigurationIsVisible = 0;
			defaultConfigurationName = Release;
		};
		313CA2892121BD90003DC311 /* Build configuration list for PBXNativeTarget "testedaniloUITests" */ = {
			isa = XCConfigurationList;
			buildConfigurations = (
				313CA28A2121BD90003DC311 /* Debug */,
				313CA28B2121BD90003DC311 /* Release */,
			);
			defaultConfigurationIsVisible = 0;
			defaultConfigurationName = Release;
		};
/* End XCConfigurationList section */

/* Begin XCVersionGroup section */
		313CA2622121BD8E003DC311 /* testedanilo.xcdatamodeld */ = {
			isa = XCVersionGroup;
			children = (
				313CA2632121BD8E003DC311 /* testedanilo.xcdatamodel */,
			);
			currentVersion = 313CA2632121BD8E003DC311 /* testedanilo.xcdatamodel */;
			path = testedanilo.xcdatamodeld;
			sourceTree = "<group>";
			versionGroupType = wrapper.xcdatamodel;
		};
/* End XCVersionGroup section */
	};
	rootObject = 313CA2502121BD8E003DC311 /* Project object */;
}
